
Microsoft Visual Studio Solution File, Format Version 12.00
# Visual Studio Version 16
VisualStudioVersion = 16.0.30621.155
MinimumVisualStudioVersion = 10.0.40219.1
Project("{FAE04EC0-301F-11D3-BF4B-00C04F79EFBC}") = "FirstWCFService", "FirstWCFService.csproj", "{DE0C2BE6-529E-4430-B991-B5053F262F6B}"
EndProject
Global
	GlobalSection(SolutionConfigurationPlatforms) = preSolution
		Debug|Any CPU = Debug|Any CPU
		Release|Any CPU = Release|Any CPU
	EndGlobalSection
	GlobalSection(ProjectConfigurationPlatforms) = postSolution
		{DE0C2BE6-529E-4430-B991-B5053F262F6B}.Debug|Any CPU.ActiveCfg = Debug|Any CPU
		{DE0C2BE6-529E-4430-B991-B5053F262F6B}.Debug|Any CPU.Build.0 = Debug|Any CPU
		{DE0C2BE6-529E-4430-B991-B5053F262F6B}.Release|Any CPU.ActiveCfg = Release|Any CPU
		{DE0C2BE6-529E-4430-B991-B5053F262F6B}.Release|Any CPU.Build.0 = Release|Any CPU
	EndGlobalSection
	GlobalSection(SolutionProperties) = preSolution
		HideSolutionNode = FALSE
	EndGlobalSection
	GlobalSection(ExtensibilityGlobals) = postSolution
		SolutionGuid = {0BAED28C-BC6B-4B36-B75A-79DEC9FD2AF7}
	EndGlobalSection
EndGlobal
